
Microsoft Visual Studio Solution File, Format Version 12.00
# Visual Studio Version 17
VisualStudioVersion = 17.11.35219.272
MinimumVisualStudioVersion = 10.0.40219.1
Project("{FAE04EC0-301F-11D3-BF4B-00C04F79EFBC}") = "ConsoleApp1", "ConsoleApp1\ConsoleApp1.csproj", "{A9849EA0-6565-4AA4-B4B1-5C20E3F280A5}"
EndProject
Global
	GlobalSection(SolutionConfigurationPlatforms) = preSolution
		Debug|Any CPU = Debug|Any CPU
		Release|Any CPU = Release|Any CPU
	EndGlobalSection
	GlobalSection(ProjectConfigurationPlatforms) = postSolution
		{A9849EA0-6565-4AA4-B4B1-5C20E3F280A5}.Debug|Any CPU.ActiveCfg = Debug|Any CPU
		{A9849EA0-6565-4AA4-B4B1-5C20E3F280A5}.Debug|Any CPU.Build.0 = Debug|Any CPU
		{A9849EA0-6565-4AA4-B4B1-5C20E3F280A5}.Release|Any CPU.ActiveCfg = Release|Any CPU
		{A9849EA0-6565-4AA4-B4B1-5C20E3F280A5}.Release|Any CPU.Build.0 = Release|Any CPU
	EndGlobalSection
	GlobalSection(SolutionProperties) = preSolution
		HideSolutionNode = FALSE
	EndGlobalSection
	GlobalSection(ExtensibilityGlobals) = postSolution
		SolutionGuid = {6C73EF99-A734-42F7-A326-03D97FF90D90}
	EndGlobalSection
EndGlobal
